// !$*UTF8*$!
{
	archiveVersion = 1;
	classes = {
	};
	objectVersion = 46;
	objects = {

/* Begin PBXBuildFile section */
		17470E7C1E61687C00D7033F /* AppDelegate.swift in Sources */ = {isa = PBXBuildFile; fileRef = 17470E7B1E61687C00D7033F /* AppDelegate.swift */; };
		17470E7E1E61687C00D7033F /* ViewController.swift in Sources */ = {isa = PBXBuildFile; fileRef = 17470E7D1E61687C00D7033F /* ViewController.swift */; };
		17470E811E61687C00D7033F /* Main.storyboard in Resources */ = {isa = PBXBuildFile; fileRef = 17470E7F1E61687C00D7033F /* Main.storyboard */; };
		17470E831E61687C00D7033F /* Assets.xcassets in Resources */ = {isa = PBXBuildFile; fileRef = 17470E821E61687C00D7033F /* Assets.xcassets */; };
		17470E861E61687C00D7033F /* LaunchScreen.storyboard in Resources */ = {isa = PBXBuildFile; fileRef = 17470E841E61687C00D7033F /* LaunchScreen.storyboard */; };
		17470E8E1E61693400D7033F /* loginViewController.swift in Sources */ = {isa = PBXBuildFile; fileRef = 17470E8D1E61693400D7033F /* loginViewController.swift */; };
		17470E901E61695600D7033F /* forgotViewController.swift in Sources */ = {isa = PBXBuildFile; fileRef = 17470E8F1E61695600D7033F /* forgotViewController.swift */; };
		17470E981E617A8700D7033F /* signUpViewController.swift in Sources */ = {isa = PBXBuildFile; fileRef = 17470E971E617A8700D7033F /* signUpViewController.swift */; };
		17470E9A1E617BE300D7033F /* 265186.png in Resources */ = {isa = PBXBuildFile; fileRef = 17470E991E617BE300D7033F /* 265186.png */; };
		17470E9E1E6180B000D7033F /* channelsTableViewController.swift in Sources */ = {isa = PBXBuildFile; fileRef = 17470E9D1E6180B000D7033F /* channelsTableViewController.swift */; };
		17470EA01E618F3500D7033F /* TableViewController.swift in Sources */ = {isa = PBXBuildFile; fileRef = 17470E9F1E618F3500D7033F /* TableViewController.swift */; };
		17470EC21E619F6900D7033F /* nTableViewController.swift in Sources */ = {isa = PBXBuildFile; fileRef = 17470EC11E619F6900D7033F /* nTableViewController.swift */; };
		17470ED41E61C58300D7033F /* Charts.framework in Frameworks */ = {isa = PBXBuildFile; fileRef = 17470ECF1E61C57200D7033F /* Charts.framework */; };
		17470ED51E61C58300D7033F /* Charts.framework in Embed Frameworks */ = {isa = PBXBuildFile; fileRef = 17470ECF1E61C57200D7033F /* Charts.framework */; settings = {ATTRIBUTES = (CodeSignOnCopy, RemoveHeadersOnCopy, ); }; };
		17470EDA1E61CDB200D7033F /* graphViewController.swift in Sources */ = {isa = PBXBuildFile; fileRef = 17470ED91E61CDB200D7033F /* graphViewController.swift */; };
/* End PBXBuildFile section */

/* Begin PBXContainerItemProxy section */
		17470ECE1E61C57200D7033F /* PBXContainerItemProxy */ = {
			isa = PBXContainerItemProxy;
			containerPortal = 17470EC81E61C57200D7033F /* Charts.xcodeproj */;
			proxyType = 2;
			remoteGlobalIDString = 06165F241D8110E600722320;
			remoteInfo = Charts;
		};
		17470ED01E61C57200D7033F /* PBXContainerItemProxy */ = {
			isa = PBXContainerItemProxy;
			containerPortal = 17470EC81E61C57200D7033F /* Charts.xcodeproj */;
			proxyType = 2;
			remoteGlobalIDString = 06B120D51D811E6200D14B02;
			remoteInfo = ChartsRealm;
		};
		17470ED21E61C57200D7033F /* PBXContainerItemProxy */ = {
			isa = PBXContainerItemProxy;
			containerPortal = 17470EC81E61C57200D7033F /* Charts.xcodeproj */;
			proxyType = 2;
			remoteGlobalIDString = 06165F2E1D8110E600722320;
			remoteInfo = ChartsTests;
		};
		17470ED61E61C58300D7033F /* PBXContainerItemProxy */ = {
			isa = PBXContainerItemProxy;
			containerPortal = 17470EC81E61C57200D7033F /* Charts.xcodeproj */;
			proxyType = 1;
			remoteGlobalIDString = 06165F231D8110E600722320;
			remoteInfo = Charts;
		};
/* End PBXContainerItemProxy section */

/* Begin PBXCopyFilesBuildPhase section */
		17470ED81E61C58300D7033F /* Embed Frameworks */ = {
			isa = PBXCopyFilesBuildPhase;
			buildActionMask = 2147483647;
			dstPath = "";
			dstSubfolderSpec = 10;
			files = (
				17470ED51E61C58300D7033F /* Charts.framework in Embed Frameworks */,
			);
			name = "Embed Frameworks";
			runOnlyForDeploymentPostprocessing = 0;
		};
/* End PBXCopyFilesBuildPhase section */

/* Begin PBXFileReference section */
		17470E781E61687B00D7033F /* thingsApp.app */ = {isa = PBXFileReference; explicitFileType = wrapper.application; includeInIndex = 0; path = thingsApp.app; sourceTree = BUILT_PRODUCTS_DIR; };
		17470E7B1E61687C00D7033F /* AppDelegate.swift */ = {isa = PBXFileReference; lastKnownFileType = sourcecode.swift; path = AppDelegate.swift; sourceTree = "<group>"; };
		17470E7D1E61687C00D7033F /* ViewController.swift */ = {isa = PBXFileReference; lastKnownFileType = sourcecode.swift; path = ViewController.swift; sourceTree = "<group>"; };
		17470E801E61687C00D7033F /* Base */ = {isa = PBXFileReference; lastKnownFileType = file.storyboard; name = Base; path = Base.lproj/Main.storyboard; sourceTree = "<group>"; };
		17470E821E61687C00D7033F /* Assets.xcassets */ = {isa = PBXFileReference; lastKnownFileType = folder.assetcatalog; path = Assets.xcassets; sourceTree = "<group>"; };
		17470E851E61687C00D7033F /* Base */ = {isa = PBXFileReference; lastKnownFileType = file.storyboard; name = Base; path = Base.lproj/LaunchScreen.storyboard; sourceTree = "<group>"; };
		17470E871E61687D00D7033F /* Info.plist */ = {isa = PBXFileReference; lastKnownFileType = text.plist.xml; path = Info.plist; sourceTree = "<group>"; };
		17470E8D1E61693400D7033F /* loginViewController.swift */ = {isa = PBXFileReference; fileEncoding = 4; lastKnownFileType = sourcecode.swift; path = loginViewController.swift; sourceTree = "<group>"; };
		17470E8F1E61695600D7033F /* forgotViewController.swift */ = {isa = PBXFileReference; fileEncoding = 4; lastKnownFileType = sourcecode.swift; path = forgotViewController.swift; sourceTree = "<group>"; };
		17470E971E617A8700D7033F /* signUpViewController.swift */ = {isa = PBXFileReference; fileEncoding = 4; lastKnownFileType = sourcecode.swift; path = signUpViewController.swift; sourceTree = "<group>"; };
		17470E991E617BE300D7033F /* 265186.png */ = {isa = PBXFileReference; lastKnownFileType = image.png; path = 265186.png; sourceTree = "<group>"; };
		17470E9D1E6180B000D7033F /* channelsTableViewController.swift */ = {isa = PBXFileReference; fileEncoding = 4; lastKnownFileType = sourcecode.swift; path = channelsTableViewController.swift; sourceTree = "<group>"; };
		17470E9F1E618F3500D7033F /* TableViewController.swift */ = {isa = PBXFileReference; fileEncoding = 4; lastKnownFileType = sourcecode.swift; path = TableViewController.swift; sourceTree = "<group>"; };
		17470EC11E619F6900D7033F /* nTableViewController.swift */ = {isa = PBXFileReference; fileEncoding = 4; lastKnownFileType = sourcecode.swift; path = nTableViewController.swift; sourceTree = "<group>"; };
		17470EC81E61C57200D7033F /* Charts.xcodeproj */ = {isa = PBXFileReference; lastKnownFileType = "wrapper.pb-project"; name = Charts.xcodeproj; path = "../../../Downloads/Charts-master-2/Charts.xcodeproj"; sourceTree = "<group>"; };
		17470ED91E61CDB200D7033F /* graphViewController.swift */ = {isa = PBXFileReference; fileEncoding = 4; lastKnownFileType = sourcecode.swift; path = graphViewController.swift; sourceTree = "<group>"; };
/* End PBXFileReference section */

/* Begin PBXFrameworksBuildPhase section */
		17470E751E61687B00D7033F /* Frameworks */ = {
			isa = PBXFrameworksBuildPhase;
			buildActionMask = 2147483647;
			files = (
				17470ED41E61C58300D7033F /* Charts.framework in Frameworks */,
			);
			runOnlyForDeploymentPostprocessing = 0;
		};
/* End PBXFrameworksBuildPhase section */

/* Begin PBXGroup section */
		17470E6F1E61687B00D7033F = {
			isa = PBXGroup;
			children = (
				17470E7A1E61687B00D7033F /* thingsApp */,
				17470E791E61687B00D7033F /* Products */,
			);
			sourceTree = "<group>";
		};
		17470E791E61687B00D7033F /* Products */ = {
			isa = PBXGroup;
			children = (
				17470E781E61687B00D7033F /* thingsApp.app */,
			);
			name = Products;
			sourceTree = "<group>";
		};
		17470E7A1E61687B00D7033F /* thingsApp */ = {
			isa = PBXGroup;
			children = (
				17470EC81E61C57200D7033F /* Charts.xcodeproj */,
				17470E7B1E61687C00D7033F /* AppDelegate.swift */,
				17470EC11E619F6900D7033F /* nTableViewController.swift */,
				17470E7D1E61687C00D7033F /* ViewController.swift */,
				17470E8D1E61693400D7033F /* loginViewController.swift */,
				17470E8F1E61695600D7033F /* forgotViewController.swift */,
				17470E9D1E6180B000D7033F /* channelsTableViewController.swift */,
				17470E971E617A8700D7033F /* signUpViewController.swift */,
				17470E9F1E618F3500D7033F /* TableViewController.swift */,
				17470ED91E61CDB200D7033F /* graphViewController.swift */,
				17470E7F1E61687C00D7033F /* Main.storyboard */,
				17470E821E61687C00D7033F /* Assets.xcassets */,
				17470E841E61687C00D7033F /* LaunchScreen.storyboard */,
				17470E871E61687D00D7033F /* Info.plist */,
				17470E991E617BE300D7033F /* 265186.png */,
			);
			path = thingsApp;
			sourceTree = "<group>";
		};
		17470EC91E61C57200D7033F /* Products */ = {
			isa = PBXGroup;
			children = (
				17470ECF1E61C57200D7033F /* Charts.framework */,
				17470ED11E61C57200D7033F /* ChartsRealm.framework */,
				17470ED31E61C57200D7033F /* ChartsTests.xctest */,
			);
			name = Products;
			sourceTree = "<group>";
		};
/* End PBXGroup section */

/* Begin PBXNativeTarget section */
		17470E771E61687B00D7033F /* thingsApp */ = {
			isa = PBXNativeTarget;
			buildConfigurationList = 17470E8A1E61687D00D7033F /* Build configuration list for PBXNativeTarget "thingsApp" */;
			buildPhases = (
				17470E741E61687B00D7033F /* Sources */,
				17470E751E61687B00D7033F /* Frameworks */,
				17470E761E61687B00D7033F /* Resources */,
				17470ED81E61C58300D7033F /* Embed Frameworks */,
			);
			buildRules = (
			);
			dependencies = (
				17470ED71E61C58300D7033F /* PBXTargetDependency */,
			);
			name = thingsApp;
			productName = thingsApp;
			productReference = 17470E781E61687B00D7033F /* thingsApp.app */;
			productType = "com.apple.product-type.application";
		};
/* End PBXNativeTarget section */

/* Begin PBXProject section */
		17470E701E61687B00D7033F /* Project object */ = {
			isa = PBXProject;
			attributes = {
				LastSwiftUpdateCheck = 0820;
				LastUpgradeCheck = 0820;
				ORGANIZATIONNAME = anand;
				TargetAttributes = {
					17470E771E61687B00D7033F = {
						CreatedOnToolsVersion = 8.2.1;
						DevelopmentTeam = K4N78CKVQ3;
						ProvisioningStyle = Automatic;
					};
				};
			};
			buildConfigurationList = 17470E731E61687B00D7033F /* Build configuration list for PBXProject "thingsApp" */;
			compatibilityVersion = "Xcode 3.2";
			developmentRegion = English;
			hasScannedForEncodings = 0;
			knownRegions = (
				en,
				Base,
			);
			mainGroup = 17470E6F1E61687B00D7033F;
			productRefGroup = 17470E791E61687B00D7033F /* Products */;
			projectDirPath = "";
			projectReferences = (
				{
					ProductGroup = 17470EC91E61C57200D7033F /* Products */;
					ProjectRef = 17470EC81E61C57200D7033F /* Charts.xcodeproj */;
				},
			);
			projectRoot = "";
			targets = (
				17470E771E61687B00D7033F /* thingsApp */,
			);
		};
/* End PBXProject section */

/* Begin PBXReferenceProxy section */
		17470ECF1E61C57200D7033F /* Charts.framework */ = {
			isa = PBXReferenceProxy;
			fileType = wrapper.framework;
			path = Charts.framework;
			remoteRef = 17470ECE1E61C57200D7033F /* PBXContainerItemProxy */;
			sourceTree = BUILT_PRODUCTS_DIR;
		};
		17470ED11E61C57200D7033F /* ChartsRealm.framework */ = {
			isa = PBXReferenceProxy;
			fileType = wrapper.framework;
			path = ChartsRealm.framework;
			remoteRef = 17470ED01E61C57200D7033F /* PBXContainerItemProxy */;
			sourceTree = BUILT_PRODUCTS_DIR;
		};
		17470ED31E61C57200D7033F /* ChartsTests.xctest */ = {
			isa = PBXReferenceProxy;
			fileType = wrapper.cfbundle;
			path = ChartsTests.xctest;
			remoteRef = 17470ED21E61C57200D7033F /* PBXContainerItemProxy */;
			sourceTree = BUILT_PRODUCTS_DIR;
		};
/* End PBXReferenceProxy section */

/* Begin PBXResourcesBuildPhase section */
		17470E761E61687B00D7033F /* Resources */ = {
			isa = PBXResourcesBuildPhase;
			buildActionMask = 2147483647;
			files = (
				17470E861E61687C00D7033F /* LaunchScreen.storyboard in Resources */,
				17470E9A1E617BE300D7033F /* 265186.png in Resources */,
				17470E831E61687C00D7033F /* Assets.xcassets in Resources */,
				17470E811E61687C00D7033F /* Main.storyboard in Resources */,
			);
			runOnlyForDeploymentPostprocessing = 0;
		};
/* End PBXResourcesBuildPhase section */

/* Begin PBXSourcesBuildPhase section */
		17470E741E61687B00D7033F /* Sources */ = {
			isa = PBXSourcesBuildPhase;
			buildActionMask = 2147483647;
			files = (
				17470E981E617A8700D7033F /* signUpViewController.swift in Sources */,
				17470EA01E618F3500D7033F /* TableViewController.swift in Sources */,
				17470EC21E619F6900D7033F /* nTableViewController.swift in Sources */,
				17470E9E1E6180B000D7033F /* channelsTableViewController.swift in Sources */,
				17470E7E1E61687C00D7033F /* ViewController.swift in Sources */,
				17470E901E61695600D7033F /* forgotViewController.swift in Sources */,
				17470E7C1E61687C00D7033F /* AppDelegate.swift in Sources */,
				17470E8E1E61693400D7033F /* loginViewController.swift in Sources */,
				17470EDA1E61CDB200D7033F /* graphViewController.swift in Sources */,
			);
			runOnlyForDeploymentPostprocessing = 0;
		};
/* End PBXSourcesBuildPhase section */

/* Begin PBXTargetDependency section */
		17470ED71E61C58300D7033F /* PBXTargetDependency */ = {
			isa = PBXTargetDependency;
			name = Charts;
			targetProxy = 17470ED61E61C58300D7033F /* PBXContainerItemProxy */;
		};
/* End PBXTargetDependency section */

/* Begin PBXVariantGroup section */
		17470E7F1E61687C00D7033F /* Main.storyboard */ = {
			isa = PBXVariantGroup;
			children = (
				17470E801E61687C00D7033F /* Base */,
			);
			name = Main.storyboard;
			sourceTree = "<group>";
		};
		17470E841E61687C00D7033F /* LaunchScreen.storyboard */ = {
			isa = PBXVariantGroup;
			children = (
				17470E851E61687C00D7033F /* Base */,
			);
			name = LaunchScreen.storyboard;
			sourceTree = "<group>";
		};
/* End PBXVariantGroup section */

/* Begin XCBuildConfiguration section */
		17470E881E61687D00D7033F /* Debug */ = {
			isa = XCBuildConfiguration;
			buildSettings = {
				ALWAYS_SEARCH_USER_PATHS = NO;
				CLANG_ANALYZER_NONNULL = YES;
				CLANG_CXX_LANGUAGE_STANDARD = "gnu++0x";
				CLANG_CXX_LIBRARY = "libc++";
				CLANG_ENABLE_MODULES = YES;
				CLANG_ENABLE_OBJC_ARC = YES;
				CLANG_WARN_BOOL_CONVERSION = YES;
				CLANG_WARN_CONSTANT_CONVERSION = YES;
				CLANG_WARN_DIRECT_OBJC_ISA_USAGE = YES_ERROR;
				CLANG_WARN_DOCUMENTATION_COMMENTS = YES;
				CLANG_WARN_EMPTY_BODY = YES;
				CLANG_WARN_ENUM_CONVERSION = YES;
				CLANG_WARN_INFINITE_RECURSION = YES;
				CLANG_WARN_INT_CONVERSION = YES;
				CLANG_WARN_OBJC_ROOT_CLASS = YES_ERROR;
				CLANG_WARN_SUSPICIOUS_MOVE = YES;
				CLANG_WARN_UNREACHABLE_CODE = YES;
				CLANG_WARN__DUPLICATE_METHOD_MATCH = YES;
				"CODE_SIGN_IDENTITY[sdk=iphoneos*]" = "iPhone Developer";
				COPY_PHASE_STRIP = NO;
				DEBUG_INFORMATION_FORMAT = dwarf;
				ENABLE_STRICT_OBJC_MSGSEND = YES;
				ENABLE_TESTABILITY = YES;
				GCC_C_LANGUAGE_STANDARD = gnu99;
				GCC_DYNAMIC_NO_PIC = NO;
				GCC_NO_COMMON_BLOCKS = YES;
				GCC_OPTIMIZATION_LEVEL = 0;
				GCC_PREPROCESSOR_DEFINITIONS = (
					"DEBUG=1",
					"$(inherited)",
				);
				GCC_WARN_64_TO_32_BIT_CONVERSION = YES;
				GCC_WARN_ABOUT_RETURN_TYPE = YES_ERROR;
				GCC_WARN_UNDECLARED_SELECTOR = YES;
				GCC_WARN_UNINITIALIZED_AUTOS = YES_AGGRESSIVE;
				GCC_WARN_UNUSED_FUNCTION = YES;
				GCC_WARN_UNUSED_VARIABLE = YES;
				IPHONEOS_DEPLOYMENT_TARGET = 10.2;
				MTL_ENABLE_DEBUG_INFO = YES;
				ONLY_ACTIVE_ARCH = YES;
				SDKROOT = iphoneos;
				SWIFT_ACTIVE_COMPILATION_CONDITIONS = DEBUG;
				SWIFT_OPTIMIZATION_LEVEL = "-Onone";
				TARGETED_DEVICE_FAMILY = "1,2";
			};
			name = Debug;
		};
		17470E891E61687D00D7033F /* Release */ = {
			isa = XCBuildConfiguration;
			buildSettings = {
				ALWAYS_SEARCH_USER_PATHS = NO;
				CLANG_ANALYZER_NONNULL = YES;
				CLANG_CXX_LANGUAGE_STANDARD = "gnu++0x";
				CLANG_CXX_LIBRARY = "libc++";
				CLANG_ENABLE_MODULES = YES;
				CLANG_ENABLE_OBJC_ARC = YES;
				CLANG_WARN_BOOL_CONVERSION = YES;
				CLANG_WARN_CONSTANT_CONVERSION = YES;
				CLANG_WARN_DIRECT_OBJC_ISA_USAGE = YES_ERROR;
				CLANG_WARN_DOCUMENTATION_COMMENTS = YES;
				CLANG_WARN_EMPTY_BODY = YES;
				CLANG_WARN_ENUM_CONVERSION = YES;
				CLANG_WARN_INFINITE_RECURSION = YES;
				CLANG_WARN_INT_CONVERSION = YES;
				CLANG_WARN_OBJC_ROOT_CLASS = YES_ERROR;
				CLANG_WARN_SUSPICIOUS_MOVE = YES;
				CLANG_WARN_UNREACHABLE_CODE = YES;
				CLANG_WARN__DUPLICATE_METHOD_MATCH = YES;
				"CODE_SIGN_IDENTITY[sdk=iphoneos*]" = "iPhone Developer";
				COPY_PHASE_STRIP = NO;
				DEBUG_INFORMATION_FORMAT = "dwarf-with-dsym";
				ENABLE_NS_ASSERTIONS = NO;
				ENABLE_STRICT_OBJC_MSGSEND = YES;
				GCC_C_LANGUAGE_STANDARD = gnu99;
				GCC_NO_COMMON_BLOCKS = YES;
				GCC_WARN_64_TO_32_BIT_CONVERSION = YES;
				GCC_WARN_ABOUT_RETURN_TYPE = YES_ERROR;
				GCC_WARN_UNDECLARED_SELECTOR = YES;
				GCC_WARN_UNINITIALIZED_AUTOS = YES_AGGRESSIVE;
				GCC_WARN_UNUSED_FUNCTION = YES;
				GCC_WARN_UNUSED_VARIABLE = YES;
				IPHONEOS_DEPLOYMENT_TARGET = 10.2;
				MTL_ENABLE_DEBUG_INFO = NO;
				SDKROOT = iphoneos;
				SWIFT_OPTIMIZATION_LEVEL = "-Owholemodule";
				TARGETED_DEVICE_FAMILY = "1,2";
				VALIDATE_PRODUCT = YES;
			};
			name = Release;
		};
		17470E8B1E61687D00D7033F /* Debug */ = {
			isa = XCBuildConfiguration;
			buildSettings = {
				ALWAYS_EMBED_SWIFT_STANDARD_LIBRARIES = YES;
				ASSETCATALOG_COMPILER_APPICON_NAME = AppIcon;
				DEVELOPMENT_TEAM = K4N78CKVQ3;
				INFOPLIST_FILE = thingsApp/Info.plist;
				IPHONEOS_DEPLOYMENT_TARGET = 9.0;
				LD_RUNPATH_SEARCH_PATHS = "$(inherited) @executable_path/Frameworks";
				PRODUCT_BUNDLE_IDENTIFIER = com.anand.thingsApp;
				PRODUCT_NAME = "$(TARGET_NAME)";
				SWIFT_VERSION = 3.0;
			};
			name = Debug;
		};
		17470E8C1E61687D00D7033F /* Release */ = {
			isa = XCBuildConfiguration;
			buildSettings = {
				ALWAYS_EMBED_SWIFT_STANDARD_LIBRARIES = YES;
				ASSETCATALOG_COMPILER_APPICON_NAME = AppIcon;
				DEVELOPMENT_TEAM = K4N78CKVQ3;
				INFOPLIST_FILE = thingsApp/Info.plist;
				IPHONEOS_DEPLOYMENT_TARGET = 9.0;
				LD_RUNPATH_SEARCH_PATHS = "$(inherited) @executable_path/Frameworks";
				PRODUCT_BUNDLE_IDENTIFIER = com.anand.thingsApp;
				PRODUCT_NAME = "$(TARGET_NAME)";
				SWIFT_VERSION = 3.0;
			};
			name = Release;
		};
/* End XCBuildConfiguration section */

/* Begin XCConfigurationList section */
		17470E731E61687B00D7033F /* Build configuration list for PBXProject "thingsApp" */ = {
			isa = XCConfigurationList;
			buildConfigurations = (
				17470E881E61687D00D7033F /* Debug */,
				17470E891E61687D00D7033F /* Release */,
			);
			defaultConfigurationIsVisible = 0;
			defaultConfigurationName = Release;
		};
		17470E8A1E61687D00D7033F /* Build configuration list for PBXNativeTarget "thingsApp" */ = {
			isa = XCConfigurationList;
			buildConfigurations = (
				17470E8B1E61687D00D7033F /* Debug */,
				17470E8C1E61687D00D7033F /* Release */,
			);
			defaultConfigurationIsVisible = 0;
		};
/* End XCConfigurationList section */
	};
	rootObject = 17470E701E61687B00D7033F /* Project object */;
}
